// !$*UTF8*$!
{
	archiveVersion = 1;
	classes = {
	};
	objectVersion = 46;
	objects = {

/* Begin PBXBuildFile section */
		D82585831EE93B5100F4D99E /* 花间提壶方大厨.txt in Resources */ = {isa = PBXBuildFile; fileRef = D82585821EE93B5100F4D99E /* 花间提壶方大厨.txt */; };
		D848BFBE1ECD2D6A0012AB3B /* ViewController.m in Sources */ = {isa = PBXBuildFile; fileRef = D848BFB11ECD2D6A0012AB3B /* ViewController.m */; };
		D848BFBF1ECD2D6A0012AB3B /* ContentViewController.m in Sources */ = {isa = PBXBuildFile; fileRef = D848BFB71ECD2D6A0012AB3B /* ContentViewController.m */; };
		D848BFC01ECD2D6A0012AB3B /* ReadBookViewController.m in Sources */ = {isa = PBXBuildFile; fileRef = D848BFB91ECD2D6A0012AB3B /* ReadBookViewController.m */; };
		D848BFC11ECD2D6A0012AB3B /* ContentView.m in Sources */ = {isa = PBXBuildFile; fileRef = D848BFBD1ECD2D6A0012AB3B /* ContentView.m */; };
		D848BFD01ECD31A40012AB3B /* BRMainNavigationController.m in Sources */ = {isa = PBXBuildFile; fileRef = D848BFCF1ECD31A40012AB3B /* BRMainNavigationController.m */; };
		D848BFD31ECD32F50012AB3B /* BRMainTabBarController.m in Sources */ = {isa = PBXBuildFile; fileRef = D848BFD21ECD32F50012AB3B /* BRMainTabBarController.m */; };
		D848BFD61ECD3B0F0012AB3B /* BRBookModel.m in Sources */ = {isa = PBXBuildFile; fileRef = D848BFD51ECD3B0F0012AB3B /* BRBookModel.m */; };
		D848BFD91ECD3BD50012AB3B /* BRPageModel.m in Sources */ = {isa = PBXBuildFile; fileRef = D848BFD81ECD3BD50012AB3B /* BRPageModel.m */; };
		D848BFDC1ECD7E8A0012AB3B /* BRPageViewController.m in Sources */ = {isa = PBXBuildFile; fileRef = D848BFDB1ECD7E8A0012AB3B /* BRPageViewController.m */; };
		D848BFDF1ECD97DE0012AB3B /* ReadBookOperationView.m in Sources */ = {isa = PBXBuildFile; fileRef = D848BFDE1ECD97DE0012AB3B /* ReadBookOperationView.m */; };
		D848BFE11ECD98110012AB3B /* ReadBookOperationView.xib in Resources */ = {isa = PBXBuildFile; fileRef = D848BFE01ECD98110012AB3B /* ReadBookOperationView.xib */; };
		D86349DF1ED5295200ED4DE7 /* BRSearchModel.m in Sources */ = {isa = PBXBuildFile; fileRef = D86349DE1ED5295200ED4DE7 /* BRSearchModel.m */; };
		D86349E51ED52F7A00ED4DE7 /* BRSearchMainViewHeader.m in Sources */ = {isa = PBXBuildFile; fileRef = D86349E41ED52F7A00ED4DE7 /* BRSearchMainViewHeader.m */; };
		D86349E71ED52FFC00ED4DE7 /* BRSearchMainViewHeader.xib in Resources */ = {isa = PBXBuildFile; fileRef = D86349E61ED52FFC00ED4DE7 /* BRSearchMainViewHeader.xib */; };
		D86349EB1ED5311600ED4DE7 /* BRSearchMainViewCell.m in Sources */ = {isa = PBXBuildFile; fileRef = D86349E91ED5311600ED4DE7 /* BRSearchMainViewCell.m */; };
		D86349EC1ED5311600ED4DE7 /* BRSearchMainViewCell.xib in Resources */ = {isa = PBXBuildFile; fileRef = D86349EA1ED5311600ED4DE7 /* BRSearchMainViewCell.xib */; };
		D8634A161ED56E8A00ED4DE7 /* DDData.m in Sources */ = {isa = PBXBuildFile; fileRef = D86349F11ED56E8A00ED4DE7 /* DDData.m */; };
		D8634A171ED56E8A00ED4DE7 /* DDNumber.m in Sources */ = {isa = PBXBuildFile; fileRef = D86349F31ED56E8A00ED4DE7 /* DDNumber.m */; };
		D8634A181ED56E8A00ED4DE7 /* DDRange.m in Sources */ = {isa = PBXBuildFile; fileRef = D86349F51ED56E8A00ED4DE7 /* DDRange.m */; };
		D8634A191ED56E8A00ED4DE7 /* HTTPAuthenticationRequest.m in Sources */ = {isa = PBXBuildFile; fileRef = D86349F71ED56E8A00ED4DE7 /* HTTPAuthenticationRequest.m */; };
		D8634A1A1ED56E8A00ED4DE7 /* HTTPConnection.m in Sources */ = {isa = PBXBuildFile; fileRef = D86349F91ED56E8A00ED4DE7 /* HTTPConnection.m */; };
		D8634A1B1ED56E8A00ED4DE7 /* HTTPMessage.m in Sources */ = {isa = PBXBuildFile; fileRef = D86349FC1ED56E8A00ED4DE7 /* HTTPMessage.m */; };
		D8634A1C1ED56E8A00ED4DE7 /* HTTPServer.m in Sources */ = {isa = PBXBuildFile; fileRef = D86349FF1ED56E8A00ED4DE7 /* HTTPServer.m */; };
		D8634A1D1ED56E8A00ED4DE7 /* MultipartFormDataParser.m in Sources */ = {isa = PBXBuildFile; fileRef = D8634A021ED56E8A00ED4DE7 /* MultipartFormDataParser.m */; };
		D8634A1E1ED56E8A00ED4DE7 /* MultipartMessageHeader.m in Sources */ = {isa = PBXBuildFile; fileRef = D8634A041ED56E8A00ED4DE7 /* MultipartMessageHeader.m */; };
		D8634A1F1ED56E8A00ED4DE7 /* MultipartMessageHeaderField.m in Sources */ = {isa = PBXBuildFile; fileRef = D8634A061ED56E8A00ED4DE7 /* MultipartMessageHeaderField.m */; };
		D8634A201ED56E8A00ED4DE7 /* HTTPAsyncFileResponse.m in Sources */ = {isa = PBXBuildFile; fileRef = D8634A091ED56E8A00ED4DE7 /* HTTPAsyncFileResponse.m */; };
		D8634A211ED56E8A00ED4DE7 /* HTTPDataResponse.m in Sources */ = {isa = PBXBuildFile; fileRef = D8634A0B1ED56E8A00ED4DE7 /* HTTPDataResponse.m */; };
		D8634A221ED56E8A00ED4DE7 /* HTTPDynamicFileResponse.m in Sources */ = {isa = PBXBuildFile; fileRef = D8634A0D1ED56E8A00ED4DE7 /* HTTPDynamicFileResponse.m */; };
		D8634A231ED56E8A00ED4DE7 /* HTTPErrorResponse.m in Sources */ = {isa = PBXBuildFile; fileRef = D8634A0F1ED56E8A00ED4DE7 /* HTTPErrorResponse.m */; };
		D8634A241ED56E8A00ED4DE7 /* HTTPFileResponse.m in Sources */ = {isa = PBXBuildFile; fileRef = D8634A111ED56E8A00ED4DE7 /* HTTPFileResponse.m */; };
		D8634A251ED56E8A00ED4DE7 /* HTTPRedirectResponse.m in Sources */ = {isa = PBXBuildFile; fileRef = D8634A131ED56E8A00ED4DE7 /* HTTPRedirectResponse.m */; };
		D8634A261ED56E8A00ED4DE7 /* WebSocket.m in Sources */ = {isa = PBXBuildFile; fileRef = D8634A151ED56E8A00ED4DE7 /* WebSocket.m */; };
		D8634A2C1ED56EE200ED4DE7 /* MyHTTPConnection.m in Sources */ = {isa = PBXBuildFile; fileRef = D8634A281ED56EE200ED4DE7 /* MyHTTPConnection.m */; };
		D8634A461ED56F1000ED4DE7 /* About.txt in Resources */ = {isa = PBXBuildFile; fileRef = D8634A311ED56F1000ED4DE7 /* About.txt */; };
		D8634A471ED56F1000ED4DE7 /* GCDAsyncSocket.m in Sources */ = {isa = PBXBuildFile; fileRef = D8634A331ED56F1000ED4DE7 /* GCDAsyncSocket.m */; };
		D8634A481ED56F1000ED4DE7 /* About.txt in Resources */ = {isa = PBXBuildFile; fileRef = D8634A351ED56F1000ED4DE7 /* About.txt */; };
		D8634A491ED56F1000ED4DE7 /* DDAbstractDatabaseLogger.m in Sources */ = {isa = PBXBuildFile; fileRef = D8634A371ED56F1000ED4DE7 /* DDAbstractDatabaseLogger.m */; };
		D8634A4A1ED56F1000ED4DE7 /* DDASLLogger.m in Sources */ = {isa = PBXBuildFile; fileRef = D8634A391ED56F1000ED4DE7 /* DDASLLogger.m */; };
		D8634A4B1ED56F1000ED4DE7 /* DDFileLogger.m in Sources */ = {isa = PBXBuildFile; fileRef = D8634A3B1ED56F1000ED4DE7 /* DDFileLogger.m */; };
		D8634A4C1ED56F1000ED4DE7 /* DDLog.m in Sources */ = {isa = PBXBuildFile; fileRef = D8634A3D1ED56F1000ED4DE7 /* DDLog.m */; };
		D8634A4D1ED56F1000ED4DE7 /* DDTTYLogger.m in Sources */ = {isa = PBXBuildFile; fileRef = D8634A3F1ED56F1000ED4DE7 /* DDTTYLogger.m */; };
		D8634A4E1ED56F1000ED4DE7 /* ContextFilterLogFormatter.m in Sources */ = {isa = PBXBuildFile; fileRef = D8634A421ED56F1000ED4DE7 /* ContextFilterLogFormatter.m */; };
		D8634A4F1ED56F1000ED4DE7 /* DispatchQueueLogFormatter.m in Sources */ = {isa = PBXBuildFile; fileRef = D8634A441ED56F1000ED4DE7 /* DispatchQueueLogFormatter.m */; };
		D8634A501ED56F1000ED4DE7 /* README.txt in Resources */ = {isa = PBXBuildFile; fileRef = D8634A451ED56F1000ED4DE7 /* README.txt */; };
		D8634A531ED573CB00ED4DE7 /* BRIPHelper.m in Sources */ = {isa = PBXBuildFile; fileRef = D8634A521ED573CB00ED4DE7 /* BRIPHelper.m */; };
		D8634A611ED579F000ED4DE7 /* web in Resources */ = {isa = PBXBuildFile; fileRef = D8634A601ED579F000ED4DE7 /* web */; };
		D86371061ED4213F009ED7BF /* BRReadBookTool.m in Sources */ = {isa = PBXBuildFile; fileRef = D86371051ED4213F009ED7BF /* BRReadBookTool.m */; };
		D86371091ED433FD009ED7BF /* BRSearchViewController.m in Sources */ = {isa = PBXBuildFile; fileRef = D86371081ED433FD009ED7BF /* BRSearchViewController.m */; };
		D863711A1ED43E3D009ED7BF /* BRSearchMainView.m in Sources */ = {isa = PBXBuildFile; fileRef = D86371191ED43E3D009ED7BF /* BRSearchMainView.m */; };
		D86371221ED43F68009ED7BF /* BRSearchMainView.xib in Resources */ = {isa = PBXBuildFile; fileRef = D86371211ED43F68009ED7BF /* BRSearchMainView.xib */; };
		D86458261ECC570000FA4D7D /* main.m in Sources */ = {isa = PBXBuildFile; fileRef = D86458251ECC570000FA4D7D /* main.m */; };
		D86458291ECC570000FA4D7D /* AppDelegate.m in Sources */ = {isa = PBXBuildFile; fileRef = D86458281ECC570000FA4D7D /* AppDelegate.m */; };
		D86458311ECC570000FA4D7D /* Assets.xcassets in Resources */ = {isa = PBXBuildFile; fileRef = D86458301ECC570000FA4D7D /* Assets.xcassets */; };
		D86458341ECC570000FA4D7D /* LaunchScreen.storyboard in Resources */ = {isa = PBXBuildFile; fileRef = D86458321ECC570000FA4D7D /* LaunchScreen.storyboard */; };
		D864583F1ECC570000FA4D7D /* BookReaderTests.m in Sources */ = {isa = PBXBuildFile; fileRef = D864583E1ECC570000FA4D7D /* BookReaderTests.m */; };
		D864584A1ECC570000FA4D7D /* BookReaderUITests.m in Sources */ = {isa = PBXBuildFile; fileRef = D86458491ECC570000FA4D7D /* BookReaderUITests.m */; };
		D87DB2A41ED2858000C19E7A /* UIColor+Extension.m in Sources */ = {isa = PBXBuildFile; fileRef = D87DB2A31ED2858000C19E7A /* UIColor+Extension.m */; };
		D881EF021ECE9A85008A888F /* BRCommonTool.m in Sources */ = {isa = PBXBuildFile; fileRef = D881EF011ECE9A85008A888F /* BRCommonTool.m */; };
		D881EF081ECEEA0B008A888F /* ReadBookOperationSettingView.m in Sources */ = {isa = PBXBuildFile; fileRef = D881EF071ECEEA0B008A888F /* ReadBookOperationSettingView.m */; };
		D881EF0B1ECEEA2F008A888F /* ReadBookOperationLightView.m in Sources */ = {isa = PBXBuildFile; fileRef = D881EF0A1ECEEA2F008A888F /* ReadBookOperationLightView.m */; };
		D881EF0E1ECEEA6E008A888F /* ReadBookOperationSoundView.m in Sources */ = {isa = PBXBuildFile; fileRef = D881EF0D1ECEEA6E008A888F /* ReadBookOperationSoundView.m */; };
		D881EF101ECEEA7E008A888F /* ReadBookOperationSettingView.xib in Resources */ = {isa = PBXBuildFile; fileRef = D881EF0F1ECEEA7E008A888F /* ReadBookOperationSettingView.xib */; };
		D881EF121ECEEA85008A888F /* ReadBookOperationLightView.xib in Resources */ = {isa = PBXBuildFile; fileRef = D881EF111ECEEA85008A888F /* ReadBookOperationLightView.xib */; };
		D881EF141ECEEA94008A888F /* ReadBookOperationSoundView.xib in Resources */ = {isa = PBXBuildFile; fileRef = D881EF131ECEEA94008A888F /* ReadBookOperationSoundView.xib */; };
		D881EF171ECEEAD5008A888F /* ReadBookOperationDefaultView.m in Sources */ = {isa = PBXBuildFile; fileRef = D881EF161ECEEAD5008A888F /* ReadBookOperationDefaultView.m */; };
		D881EF191ECEEAE1008A888F /* ReadBookOperationDefaultView.xib in Resources */ = {isa = PBXBuildFile; fileRef = D881EF181ECEEAE1008A888F /* ReadBookOperationDefaultView.xib */; };
/* End PBXBuildFile section */

/* Begin PBXContainerItemProxy section */
		D864583B1ECC570000FA4D7D /* PBXContainerItemProxy */ = {
			isa = PBXContainerItemProxy;
			containerPortal = D86458191ECC570000FA4D7D /* Project object */;
			proxyType = 1;
			remoteGlobalIDString = D86458201ECC570000FA4D7D;
			remoteInfo = BookReader;
		};
		D86458461ECC570000FA4D7D /* PBXContainerItemProxy */ = {
			isa = PBXContainerItemProxy;
			containerPortal = D86458191ECC570000FA4D7D /* Project object */;
			proxyType = 1;
			remoteGlobalIDString = D86458201ECC570000FA4D7D;
			remoteInfo = BookReader;
		};
/* End PBXContainerItemProxy section */

/* Begin PBXFileReference section */
		D82585821EE93B5100F4D99E /* 花间提壶方大厨.txt */ = {isa = PBXFileReference; fileEncoding = 4; lastKnownFileType = text; path = "花间提壶方大厨.txt"; sourceTree = "<group>"; };
		D8405AE41EDE6A86007E883A /* UIKit.framework */ = {isa = PBXFileReference; lastKnownFileType = wrapper.framework; name = UIKit.framework; path = System/Library/Frameworks/UIKit.framework; sourceTree = SDKROOT; };
		D8405AE61EDE6A94007E883A /* AudioToolbox.framework */ = {isa = PBXFileReference; lastKnownFileType = wrapper.framework; name = AudioToolbox.framework; path = System/Library/Frameworks/AudioToolbox.framework; sourceTree = SDKROOT; };
		D8405AF11EDE6AE5007E883A /* libz.1.2.5.tbd */ = {isa = PBXFileReference; lastKnownFileType = "sourcecode.text-based-dylib-definition"; name = libz.1.2.5.tbd; path = usr/lib/libz.1.2.5.tbd; sourceTree = SDKROOT; };
		D8405AF31EDE6AF3007E883A /* libc++.tbd */ = {isa = PBXFileReference; lastKnownFileType = "sourcecode.text-based-dylib-definition"; name = "libc++.tbd"; path = "usr/lib/libc++.tbd"; sourceTree = SDKROOT; };
		D8405AF51EDE6B00007E883A /* libstdc++.6.0.9.tbd */ = {isa = PBXFileReference; lastKnownFileType = "sourcecode.text-based-dylib-definition"; name = "libstdc++.6.0.9.tbd"; path = "usr/lib/libstdc++.6.0.9.tbd"; sourceTree = SDKROOT; };
		D8405AFF1EDE9D0E007E883A /* libiconv.2.4.0.tbd */ = {isa = PBXFileReference; lastKnownFileType = "sourcecode.text-based-dylib-definition"; name = libiconv.2.4.0.tbd; path = usr/lib/libiconv.2.4.0.tbd; sourceTree = SDKROOT; };
		D8405B011EDE9D20007E883A /* AVFoundation.framework */ = {isa = PBXFileReference; lastKnownFileType = wrapper.framework; name = AVFoundation.framework; path = System/Library/Frameworks/AVFoundation.framework; sourceTree = SDKROOT; };
		D8405B031EDE9D2F007E883A /* CoreTelephony.framework */ = {isa = PBXFileReference; lastKnownFileType = wrapper.framework; name = CoreTelephony.framework; path = System/Library/Frameworks/CoreTelephony.framework; sourceTree = SDKROOT; };
		D8405B051EDE9D3B007E883A /* SystemConfiguration.framework */ = {isa = PBXFileReference; lastKnownFileType = wrapper.framework; name = SystemConfiguration.framework; path = System/Library/Frameworks/SystemConfiguration.framework; sourceTree = SDKROOT; };
		D848BFB01ECD2D6A0012AB3B /* ViewController.h */ = {isa = PBXFileReference; fileEncoding = 4; lastKnownFileType = sourcecode.c.h; path = ViewController.h; sourceTree = "<group>"; };
		D848BFB11ECD2D6A0012AB3B /* ViewController.m */ = {isa = PBXFileReference; fileEncoding = 4; lastKnownFileType = sourcecode.c.objc; path = ViewController.m; sourceTree = "<group>"; };
		D848BFB61ECD2D6A0012AB3B /* ContentViewController.h */ = {isa = PBXFileReference; fileEncoding = 4; lastKnownFileType = sourcecode.c.h; path = ContentViewController.h; sourceTree = "<group>"; };
		D848BFB71ECD2D6A0012AB3B /* ContentViewController.m */ = {isa = PBXFileReference; fileEncoding = 4; lastKnownFileType = sourcecode.c.objc; path = ContentViewController.m; sourceTree = "<group>"; };
		D848BFB81ECD2D6A0012AB3B /* ReadBookViewController.h */ = {isa = PBXFileReference; fileEncoding = 4; lastKnownFileType = sourcecode.c.h; path = ReadBookViewController.h; sourceTree = "<group>"; };
		D848BFB91ECD2D6A0012AB3B /* ReadBookViewController.m */ = {isa = PBXFileReference; fileEncoding = 4; lastKnownFileType = sourcecode.c.objc; path = ReadBookViewController.m; sourceTree = "<group>"; };
		D848BFBC1ECD2D6A0012AB3B /* ContentView.h */ = {isa = PBXFileReference; fileEncoding = 4; lastKnownFileType = sourcecode.c.h; path = ContentView.h; sourceTree = "<group>"; };
		D848BFBD1ECD2D6A0012AB3B /* ContentView.m */ = {isa = PBXFileReference; fileEncoding = 4; lastKnownFileType = sourcecode.c.objc; path = ContentView.m; sourceTree = "<group>"; };
		D848BFC41ECD2EE70012AB3B /* PrefixHeader.pch */ = {isa = PBXFileReference; lastKnownFileType = sourcecode.c.h; path = PrefixHeader.pch; sourceTree = "<group>"; };
		D848BFC51ECD2F280012AB3B /* HeaderFile.h */ = {isa = PBXFileReference; lastKnownFileType = sourcecode.c.h; path = HeaderFile.h; sourceTree = "<group>"; };
		D848BFC61ECD2F980012AB3B /* DefineFile.h */ = {isa = PBXFileReference; lastKnownFileType = sourcecode.c.h; path = DefineFile.h; sourceTree = "<group>"; };
		D848BFCE1ECD31A40012AB3B /* BRMainNavigationController.h */ = {isa = PBXFileReference; fileEncoding = 4; lastKnownFileType = sourcecode.c.h; path = BRMainNavigationController.h; sourceTree = "<group>"; };
		D848BFCF1ECD31A40012AB3B /* BRMainNavigationController.m */ = {isa = PBXFileReference; fileEncoding = 4; lastKnownFileType = sourcecode.c.objc; path = BRMainNavigationController.m; sourceTree = "<group>"; };
		D848BFD11ECD32F50012AB3B /* BRMainTabBarController.h */ = {isa = PBXFileReference; fileEncoding = 4; lastKnownFileType = sourcecode.c.h; path = BRMainTabBarController.h; sourceTree = "<group>"; };
		D848BFD21ECD32F50012AB3B /* BRMainTabBarController.m */ = {isa = PBXFileReference; fileEncoding = 4; lastKnownFileType = sourcecode.c.objc; path = BRMainTabBarController.m; sourceTree = "<group>"; };
		D848BFD41ECD3B0F0012AB3B /* BRBookModel.h */ = {isa = PBXFileReference; fileEncoding = 4; lastKnownFileType = sourcecode.c.h; path = BRBookModel.h; sourceTree = "<group>"; };
		D848BFD51ECD3B0F0012AB3B /* BRBookModel.m */ = {isa = PBXFileReference; fileEncoding = 4; lastKnownFileType = sourcecode.c.objc; path = BRBookModel.m; sourceTree = "<group>"; };
		D848BFD71ECD3BD50012AB3B /* BRPageModel.h */ = {isa = PBXFileReference; fileEncoding = 4; lastKnownFileType = sourcecode.c.h; path = BRPageModel.h; sourceTree = "<group>"; };
		D848BFD81ECD3BD50012AB3B /* BRPageModel.m */ = {isa = PBXFileReference; fileEncoding = 4; lastKnownFileType = sourcecode.c.objc; path = BRPageModel.m; sourceTree = "<group>"; };
		D848BFDA1ECD7E8A0012AB3B /* BRPageViewController.h */ = {isa = PBXFileReference; fileEncoding = 4; lastKnownFileType = sourcecode.c.h; path = BRPageViewController.h; sourceTree = "<group>"; };
		D848BFDB1ECD7E8A0012AB3B /* BRPageViewController.m */ = {isa = PBXFileReference; fileEncoding = 4; lastKnownFileType = sourcecode.c.objc; path = BRPageViewController.m; sourceTree = "<group>"; };
		D848BFDD1ECD97DE0012AB3B /* ReadBookOperationView.h */ = {isa = PBXFileReference; fileEncoding = 4; lastKnownFileType = sourcecode.c.h; path = ReadBookOperationView.h; sourceTree = "<group>"; };
		D848BFDE1ECD97DE0012AB3B /* ReadBookOperationView.m */ = {isa = PBXFileReference; fileEncoding = 4; lastKnownFileType = sourcecode.c.objc; path = ReadBookOperationView.m; sourceTree = "<group>"; };
		D848BFE01ECD98110012AB3B /* ReadBookOperationView.xib */ = {isa = PBXFileReference; fileEncoding = 4; lastKnownFileType = file.xib; path = ReadBookOperationView.xib; sourceTree = "<group>"; };
		D86349DD1ED5295200ED4DE7 /* BRSearchModel.h */ = {isa = PBXFileReference; fileEncoding = 4; lastKnownFileType = sourcecode.c.h; path = BRSearchModel.h; sourceTree = "<group>"; };
		D86349DE1ED5295200ED4DE7 /* BRSearchModel.m */ = {isa = PBXFileReference; fileEncoding = 4; lastKnownFileType = sourcecode.c.objc; path = BRSearchModel.m; sourceTree = "<group>"; };
		D86349E31ED52F7A00ED4DE7 /* BRSearchMainViewHeader.h */ = {isa = PBXFileReference; fileEncoding = 4; lastKnownFileType = sourcecode.c.h; path = BRSearchMainViewHeader.h; sourceTree = "<group>"; };
		D86349E41ED52F7A00ED4DE7 /* BRSearchMainViewHeader.m */ = {isa = PBXFileReference; fileEncoding = 4; lastKnownFileType = sourcecode.c.objc; path = BRSearchMainViewHeader.m; sourceTree = "<group>"; };
		D86349E61ED52FFC00ED4DE7 /* BRSearchMainViewHeader.xib */ = {isa = PBXFileReference; fileEncoding = 4; lastKnownFileType = file.xib; path = BRSearchMainViewHeader.xib; sourceTree = "<group>"; };
		D86349E81ED5311600ED4DE7 /* BRSearchMainViewCell.h */ = {isa = PBXFileReference; fileEncoding = 4; lastKnownFileType = sourcecode.c.h; path = BRSearchMainViewCell.h; sourceTree = "<group>"; };
		D86349E91ED5311600ED4DE7 /* BRSearchMainViewCell.m */ = {isa = PBXFileReference; fileEncoding = 4; lastKnownFileType = sourcecode.c.objc; path = BRSearchMainViewCell.m; sourceTree = "<group>"; };
		D86349EA1ED5311600ED4DE7 /* BRSearchMainViewCell.xib */ = {isa = PBXFileReference; fileEncoding = 4; lastKnownFileType = file.xib; path = BRSearchMainViewCell.xib; sourceTree = "<group>"; };
		D86349F01ED56E8A00ED4DE7 /* DDData.h */ = {isa = PBXFileReference; fileEncoding = 4; lastKnownFileType = sourcecode.c.h; path = DDData.h; sourceTree = "<group>"; };
		D86349F11ED56E8A00ED4DE7 /* DDData.m */ = {isa = PBXFileReference; fileEncoding = 4; lastKnownFileType = sourcecode.c.objc; path = DDData.m; sourceTree = "<group>"; };
		D86349F21ED56E8A00ED4DE7 /* DDNumber.h */ = {isa = PBXFileReference; fileEncoding = 4; lastKnownFileType = sourcecode.c.h; path = DDNumber.h; sourceTree = "<group>"; };
		D86349F31ED56E8A00ED4DE7 /* DDNumber.m */ = {isa = PBXFileReference; fileEncoding = 4; lastKnownFileType = sourcecode.c.objc; path = DDNumber.m; sourceTree = "<group>"; };
		D86349F41ED56E8A00ED4DE7 /* DDRange.h */ = {isa = PBXFileReference; fileEncoding = 4; lastKnownFileType = sourcecode.c.h; path = DDRange.h; sourceTree = "<group>"; };
		D86349F51ED56E8A00ED4DE7 /* DDRange.m */ = {isa = PBXFileReference; fileEncoding = 4; lastKnownFileType = sourcecode.c.objc; path = DDRange.m; sourceTree = "<group>"; };
		D86349F61ED56E8A00ED4DE7 /* HTTPAuthenticationRequest.h */ = {isa = PBXFileReference; fileEncoding = 4; lastKnownFileType = sourcecode.c.h; path = HTTPAuthenticationRequest.h; sourceTree = "<group>"; };
		D86349F71ED56E8A00ED4DE7 /* HTTPAuthenticationRequest.m */ = {isa = PBXFileReference; fileEncoding = 4; lastKnownFileType = sourcecode.c.objc; path = HTTPAuthenticationRequest.m; sourceTree = "<group>"; };
		D86349F81ED56E8A00ED4DE7 /* HTTPConnection.h */ = {isa = PBXFileReference; fileEncoding = 4; lastKnownFileType = sourcecode.c.h; path = HTTPConnection.h; sourceTree = "<group>"; };
		D86349F91ED56E8A00ED4DE7 /* HTTPConnection.m */ = {isa = PBXFileReference; fileEncoding = 4; lastKnownFileType = sourcecode.c.objc; path = HTTPConnection.m; sourceTree = "<group>"; };
		D86349FA1ED56E8A00ED4DE7 /* HTTPLogging.h */ = {isa = PBXFileReference; fileEncoding = 4; lastKnownFileType = sourcecode.c.h; path = HTTPLogging.h; sourceTree = "<group>"; };
		D86349FB1ED56E8A00ED4DE7 /* HTTPMessage.h */ = {isa = PBXFileReference; fileEncoding = 4; lastKnownFileType = sourcecode.c.h; path = HTTPMessage.h; sourceTree = "<group>"; };
		D86349FC1ED56E8A00ED4DE7 /* HTTPMessage.m */ = {isa = PBXFileReference; fileEncoding = 4; lastKnownFileType = sourcecode.c.objc; path = HTTPMessage.m; sourceTree = "<group>"; };
		D86349FD1ED56E8A00ED4DE7 /* HTTPResponse.h */ = {isa = PBXFileReference; fileEncoding = 4; lastKnownFileType = sourcecode.c.h; path = HTTPResponse.h; sourceTree = "<group>"; };
		D86349FE1ED56E8A00ED4DE7 /* HTTPServer.h */ = {isa = PBXFileReference; fileEncoding = 4; lastKnownFileType = sourcecode.c.h; path = HTTPServer.h; sourceTree = "<group>"; };
		D86349FF1ED56E8A00ED4DE7 /* HTTPServer.m */ = {isa = PBXFileReference; fileEncoding = 4; lastKnownFileType = sourcecode.c.objc; path = HTTPServer.m; sourceTree = "<group>"; };
		D8634A011ED56E8A00ED4DE7 /* MultipartFormDataParser.h */ = {isa = PBXFileReference; fileEncoding = 4; lastKnownFileType = sourcecode.c.h; path = MultipartFormDataParser.h; sourceTree = "<group>"; };
		D8634A021ED56E8A00ED4DE7 /* MultipartFormDataParser.m */ = {isa = PBXFileReference; fileEncoding = 4; lastKnownFileType = sourcecode.c.objc; path = MultipartFormDataParser.m; sourceTree = "<group>"; };
		D8634A031ED56E8A00ED4DE7 /* MultipartMessageHeader.h */ = {isa = PBXFileReference; fileEncoding = 4; lastKnownFileType = sourcecode.c.h; path = MultipartMessageHeader.h; sourceTree = "<group>"; };
		D8634A041ED56E8A00ED4DE7 /* MultipartMessageHeader.m */ = {isa = PBXFileReference; fileEncoding = 4; lastKnownFileType = sourcecode.c.objc; path = MultipartMessageHeader.m; sourceTree = "<group>"; };
		D8634A051ED56E8A00ED4DE7 /* MultipartMessageHeaderField.h */ = {isa = PBXFileReference; fileEncoding = 4; lastKnownFileType = sourcecode.c.h; path = MultipartMessageHeaderField.h; sourceTree = "<group>"; };
		D8634A061ED56E8A00ED4DE7 /* MultipartMessageHeaderField.m */ = {isa = PBXFileReference; fileEncoding = 4; lastKnownFileType = sourcecode.c.objc; path = MultipartMessageHeaderField.m; sourceTree = "<group>"; };
		D8634A081ED56E8A00ED4DE7 /* HTTPAsyncFileResponse.h */ = {isa = PBXFileReference; fileEncoding = 4; lastKnownFileType = sourcecode.c.h; path = HTTPAsyncFileResponse.h; sourceTree = "<group>"; };
		D8634A091ED56E8A00ED4DE7 /* HTTPAsyncFileResponse.m */ = {isa = PBXFileReference; fileEncoding = 4; lastKnownFileType = sourcecode.c.objc; path = HTTPAsyncFileResponse.m; sourceTree = "<group>"; };
		D8634A0A1ED56E8A00ED4DE7 /* HTTPDataResponse.h */ = {isa = PBXFileReference; fileEncoding = 4; lastKnownFileType = sourcecode.c.h; path = HTTPDataResponse.h; sourceTree = "<group>"; };
		D8634A0B1ED56E8A00ED4DE7 /* HTTPDataResponse.m */ = {isa = PBXFileReference; fileEncoding = 4; lastKnownFileType = sourcecode.c.objc; path = HTTPDataResponse.m; sourceTree = "<group>"; };
		D8634A0C1ED56E8A00ED4DE7 /* HTTPDynamicFileResponse.h */ = {isa = PBXFileReference; fileEncoding = 4; lastKnownFileType = sourcecode.c.h; path = HTTPDynamicFileResponse.h; sourceTree = "<group>"; };
		D8634A0D1ED56E8A00ED4DE7 /* HTTPDynamicFileResponse.m */ = {isa = PBXFileReference; fileEncoding = 4; lastKnownFileType = sourcecode.c.objc; path = HTTPDynamicFileResponse.m; sourceTree = "<group>"; };
		D8634A0E1ED56E8A00ED4DE7 /* HTTPErrorResponse.h */ = {isa = PBXFileReference; fileEncoding = 4; lastKnownFileType = sourcecode.c.h; path = HTTPErrorResponse.h; sourceTree = "<group>"; };
		D8634A0F1ED56E8A00ED4DE7 /* HTTPErrorResponse.m */ = {isa = PBXFileReference; fileEncoding = 4; lastKnownFileType = sourcecode.c.objc; path = HTTPErrorResponse.m; sourceTree = "<group>"; };
		D8634A101ED56E8A00ED4DE7 /* HTTPFileResponse.h */ = {isa = PBXFileReference; fileEncoding = 4; lastKnownFileType = sourcecode.c.h; path = HTTPFileResponse.h; sourceTree = "<group>"; };
		D8634A111ED56E8A00ED4DE7 /* HTTPFileResponse.m */ = {isa = PBXFileReference; fileEncoding = 4; lastKnownFileType = sourcecode.c.objc; path = HTTPFileResponse.m; sourceTree = "<group>"; };
		D8634A121ED56E8A00ED4DE7 /* HTTPRedirectResponse.h */ = {isa = PBXFileReference; fileEncoding = 4; lastKnownFileType = sourcecode.c.h; path = HTTPRedirectResponse.h; sourceTree = "<group>"; };
		D8634A131ED56E8A00ED4DE7 /* HTTPRedirectResponse.m */ = {isa = PBXFileReference; fileEncoding = 4; lastKnownFileType = sourcecode.c.objc; path = HTTPRedirectResponse.m; sourceTree = "<group>"; };
		D8634A141ED56E8A00ED4DE7 /* WebSocket.h */ = {isa = PBXFileReference; fileEncoding = 4; lastKnownFileType = sourcecode.c.h; path = WebSocket.h; sourceTree = "<group>"; };
		D8634A151ED56E8A00ED4DE7 /* WebSocket.m */ = {isa = PBXFileReference; fileEncoding = 4; lastKnownFileType = sourcecode.c.objc; path = WebSocket.m; sourceTree = "<group>"; };
		D8634A271ED56EE200ED4DE7 /* MyHTTPConnection.h */ = {isa = PBXFileReference; fileEncoding = 4; lastKnownFileType = sourcecode.c.h; path = MyHTTPConnection.h; sourceTree = "<group>"; };
		D8634A281ED56EE200ED4DE7 /* MyHTTPConnection.m */ = {isa = PBXFileReference; fileEncoding = 4; lastKnownFileType = sourcecode.c.objc; path = MyHTTPConnection.m; sourceTree = "<group>"; };
		D8634A311ED56F1000ED4DE7 /* About.txt */ = {isa = PBXFileReference; fileEncoding = 4; lastKnownFileType = text; path = About.txt; sourceTree = "<group>"; };
		D8634A321ED56F1000ED4DE7 /* GCDAsyncSocket.h */ = {isa = PBXFileReference; fileEncoding = 4; lastKnownFileType = sourcecode.c.h; path = GCDAsyncSocket.h; sourceTree = "<group>"; };
		D8634A331ED56F1000ED4DE7 /* GCDAsyncSocket.m */ = {isa = PBXFileReference; fileEncoding = 4; lastKnownFileType = sourcecode.c.objc; path = GCDAsyncSocket.m; sourceTree = "<group>"; };
		D8634A351ED56F1000ED4DE7 /* About.txt */ = {isa = PBXFileReference; fileEncoding = 4; lastKnownFileType = text; path = About.txt; sourceTree = "<group>"; };
		D8634A361ED56F1000ED4DE7 /* DDAbstractDatabaseLogger.h */ = {isa = PBXFileReference; fileEncoding = 4; lastKnownFileType = sourcecode.c.h; path = DDAbstractDatabaseLogger.h; sourceTree = "<group>"; };
		D8634A371ED56F1000ED4DE7 /* DDAbstractDatabaseLogger.m */ = {isa = PBXFileReference; fileEncoding = 4; lastKnownFileType = sourcecode.c.objc; path = DDAbstractDatabaseLogger.m; sourceTree = "<group>"; };
		D8634A381ED56F1000ED4DE7 /* DDASLLogger.h */ = {isa = PBXFileReference; fileEncoding = 4; lastKnownFileType = sourcecode.c.h; path = DDASLLogger.h; sourceTree = "<group>"; };
		D8634A391ED56F1000ED4DE7 /* DDASLLogger.m */ = {isa = PBXFileReference; fileEncoding = 4; lastKnownFileType = sourcecode.c.objc; path = DDASLLogger.m; sourceTree = "<group>"; };
		D8634A3A1ED56F1000ED4DE7 /* DDFileLogger.h */ = {isa = PBXFileReference; fileEncoding = 4; lastKnownFileType = sourcecode.c.h; path = DDFileLogger.h; sourceTree = "<group>"; };
		D8634A3B1ED56F1000ED4DE7 /* DDFileLogger.m */ = {isa = PBXFileReference; fileEncoding = 4; lastKnownFileType = sourcecode.c.objc; path = DDFileLogger.m; sourceTree = "<group>"; };
		D8634A3C1ED56F1000ED4DE7 /* DDLog.h */ = {isa = PBXFileReference; fileEncoding = 4; lastKnownFileType = sourcecode.c.h; path = DDLog.h; sourceTree = "<group>"; };
		D8634A3D1ED56F1000ED4DE7 /* DDLog.m */ = {isa = PBXFileReference; fileEncoding = 4; lastKnownFileType = sourcecode.c.objc; path = DDLog.m; sourceTree = "<group>"; };
		D8634A3E1ED56F1000ED4DE7 /* DDTTYLogger.h */ = {isa = PBXFileReference; fileEncoding = 4; lastKnownFileType = sourcecode.c.h; path = DDTTYLogger.h; sourceTree = "<group>"; };
		D8634A3F1ED56F1000ED4DE7 /* DDTTYLogger.m */ = {isa = PBXFileReference; fileEncoding = 4; lastKnownFileType = sourcecode.c.objc; path = DDTTYLogger.m; sourceTree = "<group>"; };
		D8634A411ED56F1000ED4DE7 /* ContextFilterLogFormatter.h */ = {isa = PBXFileReference; fileEncoding = 4; lastKnownFileType = sourcecode.c.h; path = ContextFilterLogFormatter.h; sourceTree = "<group>"; };
		D8634A421ED56F1000ED4DE7 /* ContextFilterLogFormatter.m */ = {isa = PBXFileReference; fileEncoding = 4; lastKnownFileType = sourcecode.c.objc; path = ContextFilterLogFormatter.m; sourceTree = "<group>"; };
		D8634A431ED56F1000ED4DE7 /* DispatchQueueLogFormatter.h */ = {isa = PBXFileReference; fileEncoding = 4; lastKnownFileType = sourcecode.c.h; path = DispatchQueueLogFormatter.h; sourceTree = "<group>"; };
		D8634A441ED56F1000ED4DE7 /* DispatchQueueLogFormatter.m */ = {isa = PBXFileReference; fileEncoding = 4; lastKnownFileType = sourcecode.c.objc; path = DispatchQueueLogFormatter.m; sourceTree = "<group>"; };
		D8634A451ED56F1000ED4DE7 /* README.txt */ = {isa = PBXFileReference; fileEncoding = 4; lastKnownFileType = text; path = README.txt; sourceTree = "<group>"; };
		D8634A511ED573CB00ED4DE7 /* BRIPHelper.h */ = {isa = PBXFileReference; fileEncoding = 4; lastKnownFileType = sourcecode.c.h; path = BRIPHelper.h; sourceTree = "<group>"; };
		D8634A521ED573CB00ED4DE7 /* BRIPHelper.m */ = {isa = PBXFileReference; fileEncoding = 4; lastKnownFileType = sourcecode.c.objc; path = BRIPHelper.m; sourceTree = "<group>"; };
		D8634A601ED579F000ED4DE7 /* web */ = {isa = PBXFileReference; lastKnownFileType = folder; path = web; sourceTree = "<group>"; };
		D86371041ED4213F009ED7BF /* BRReadBookTool.h */ = {isa = PBXFileReference; fileEncoding = 4; lastKnownFileType = sourcecode.c.h; path = BRReadBookTool.h; sourceTree = "<group>"; };
		D86371051ED4213F009ED7BF /* BRReadBookTool.m */ = {isa = PBXFileReference; fileEncoding = 4; lastKnownFileType = sourcecode.c.objc; path = BRReadBookTool.m; sourceTree = "<group>"; };
		D86371071ED433FD009ED7BF /* BRSearchViewController.h */ = {isa = PBXFileReference; fileEncoding = 4; lastKnownFileType = sourcecode.c.h; path = BRSearchViewController.h; sourceTree = "<group>"; };
		D86371081ED433FD009ED7BF /* BRSearchViewController.m */ = {isa = PBXFileReference; fileEncoding = 4; lastKnownFileType = sourcecode.c.objc; path = BRSearchViewController.m; sourceTree = "<group>"; };
		D86371181ED43E3D009ED7BF /* BRSearchMainView.h */ = {isa = PBXFileReference; fileEncoding = 4; lastKnownFileType = sourcecode.c.h; path = BRSearchMainView.h; sourceTree = "<group>"; };
		D86371191ED43E3D009ED7BF /* BRSearchMainView.m */ = {isa = PBXFileReference; fileEncoding = 4; lastKnownFileType = sourcecode.c.objc; path = BRSearchMainView.m; sourceTree = "<group>"; };
		D86371211ED43F68009ED7BF /* BRSearchMainView.xib */ = {isa = PBXFileReference; fileEncoding = 4; lastKnownFileType = file.xib; path = BRSearchMainView.xib; sourceTree = "<group>"; };
		D86458211ECC570000FA4D7D /* BookReader.app */ = {isa = PBXFileReference; explicitFileType = wrapper.application; includeInIndex = 0; path = BookReader.app; sourceTree = BUILT_PRODUCTS_DIR; };
		D86458251ECC570000FA4D7D /* main.m */ = {isa = PBXFileReference; lastKnownFileType = sourcecode.c.objc; path = main.m; sourceTree = "<group>"; };
		D86458271ECC570000FA4D7D /* AppDelegate.h */ = {isa = PBXFileReference; lastKnownFileType = sourcecode.c.h; path = AppDelegate.h; sourceTree = "<group>"; };
		D86458281ECC570000FA4D7D /* AppDelegate.m */ = {isa = PBXFileReference; lastKnownFileType = sourcecode.c.objc; path = AppDelegate.m; sourceTree = "<group>"; };
		D86458301ECC570000FA4D7D /* Assets.xcassets */ = {isa = PBXFileReference; lastKnownFileType = folder.assetcatalog; path = Assets.xcassets; sourceTree = "<group>"; };
		D86458331ECC570000FA4D7D /* Base */ = {isa = PBXFileReference; lastKnownFileType = file.storyboard; name = Base; path = Base.lproj/LaunchScreen.storyboard; sourceTree = "<group>"; };
		D86458351ECC570000FA4D7D /* Info.plist */ = {isa = PBXFileReference; lastKnownFileType = text.plist.xml; path = Info.plist; sourceTree = "<group>"; };
		D864583A1ECC570000FA4D7D /* BookReaderTests.xctest */ = {isa = PBXFileReference; explicitFileType = wrapper.cfbundle; includeInIndex = 0; path = BookReaderTests.xctest; sourceTree = BUILT_PRODUCTS_DIR; };
		D864583E1ECC570000FA4D7D /* BookReaderTests.m */ = {isa = PBXFileReference; lastKnownFileType = sourcecode.c.objc; path = BookReaderTests.m; sourceTree = "<group>"; };
		D86458401ECC570000FA4D7D /* Info.plist */ = {isa = PBXFileReference; lastKnownFileType = text.plist.xml; path = Info.plist; sourceTree = "<group>"; };
		D86458451ECC570000FA4D7D /* BookReaderUITests.xctest */ = {isa = PBXFileReference; explicitFileType = wrapper.cfbundle; includeInIndex = 0; path = BookReaderUITests.xctest; sourceTree = BUILT_PRODUCTS_DIR; };
		D86458491ECC570000FA4D7D /* BookReaderUITests.m */ = {isa = PBXFileReference; lastKnownFileType = sourcecode.c.objc; path = BookReaderUITests.m; sourceTree = "<group>"; };
		D864584B1ECC570000FA4D7D /* Info.plist */ = {isa = PBXFileReference; lastKnownFileType = text.plist.xml; path = Info.plist; sourceTree = "<group>"; };
		D87DB2A21ED2858000C19E7A /* UIColor+Extension.h */ = {isa = PBXFileReference; fileEncoding = 4; lastKnownFileType = sourcecode.c.h; path = "UIColor+Extension.h"; sourceTree = "<group>"; };
		D87DB2A31ED2858000C19E7A /* UIColor+Extension.m */ = {isa = PBXFileReference; fileEncoding = 4; lastKnownFileType = sourcecode.c.objc; path = "UIColor+Extension.m"; sourceTree = "<group>"; };
		D881EF001ECE9A85008A888F /* BRCommonTool.h */ = {isa = PBXFileReference; fileEncoding = 4; lastKnownFileType = sourcecode.c.h; path = BRCommonTool.h; sourceTree = "<group>"; };
		D881EF011ECE9A85008A888F /* BRCommonTool.m */ = {isa = PBXFileReference; fileEncoding = 4; lastKnownFileType = sourcecode.c.objc; path = BRCommonTool.m; sourceTree = "<group>"; };
		D881EF061ECEEA0B008A888F /* ReadBookOperationSettingView.h */ = {isa = PBXFileReference; fileEncoding = 4; lastKnownFileType = sourcecode.c.h; path = ReadBookOperationSettingView.h; sourceTree = "<group>"; };
		D881EF071ECEEA0B008A888F /* ReadBookOperationSettingView.m */ = {isa = PBXFileReference; fileEncoding = 4; lastKnownFileType = sourcecode.c.objc; path = ReadBookOperationSettingView.m; sourceTree = "<group>"; };
		D881EF091ECEEA2F008A888F /* ReadBookOperationLightView.h */ = {isa = PBXFileReference; fileEncoding = 4; lastKnownFileType = sourcecode.c.h; path = ReadBookOperationLightView.h; sourceTree = "<group>"; };
		D881EF0A1ECEEA2F008A888F /* ReadBookOperationLightView.m */ = {isa = PBXFileReference; fileEncoding = 4; lastKnownFileType = sourcecode.c.objc; path = ReadBookOperationLightView.m; sourceTree = "<group>"; };
		D881EF0C1ECEEA6E008A888F /* ReadBookOperationSoundView.h */ = {isa = PBXFileReference; fileEncoding = 4; lastKnownFileType = sourcecode.c.h; path = ReadBookOperationSoundView.h; sourceTree = "<group>"; };
		D881EF0D1ECEEA6E008A888F /* ReadBookOperationSoundView.m */ = {isa = PBXFileReference; fileEncoding = 4; lastKnownFileType = sourcecode.c.objc; path = ReadBookOperationSoundView.m; sourceTree = "<group>"; };
		D881EF0F1ECEEA7E008A888F /* ReadBookOperationSettingView.xib */ = {isa = PBXFileReference; fileEncoding = 4; lastKnownFileType = file.xib; path = ReadBookOperationSettingView.xib; sourceTree = "<group>"; };
		D881EF111ECEEA85008A888F /* ReadBookOperationLightView.xib */ = {isa = PBXFileReference; fileEncoding = 4; lastKnownFileType = file.xib; path = ReadBookOperationLightView.xib; sourceTree = "<group>"; };
		D881EF131ECEEA94008A888F /* ReadBookOperationSoundView.xib */ = {isa = PBXFileReference; fileEncoding = 4; lastKnownFileType = file.xib; path = ReadBookOperationSoundView.xib; sourceTree = "<group>"; };
		D881EF151ECEEAD5008A888F /* ReadBookOperationDefaultView.h */ = {isa = PBXFileReference; fileEncoding = 4; lastKnownFileType = sourcecode.c.h; path = ReadBookOperationDefaultView.h; sourceTree = "<group>"; };
		D881EF161ECEEAD5008A888F /* ReadBookOperationDefaultView.m */ = {isa = PBXFileReference; fileEncoding = 4; lastKnownFileType = sourcecode.c.objc; path = ReadBookOperationDefaultView.m; sourceTree = "<group>"; };
		D881EF181ECEEAE1008A888F /* ReadBookOperationDefaultView.xib */ = {isa = PBXFileReference; fileEncoding = 4; lastKnownFileType = file.xib; path = ReadBookOperationDefaultView.xib; sourceTree = "<group>"; };
/* End PBXFileReference section */

/* Begin PBXFrameworksBuildPhase section */
		D864581E1ECC570000FA4D7D /* Frameworks */ = {
			isa = PBXFrameworksBuildPhase;
			buildActionMask = 2147483647;
			files = (
			);
			runOnlyForDeploymentPostprocessing = 0;
		};
		D86458371ECC570000FA4D7D /* Frameworks */ = {
			isa = PBXFrameworksBuildPhase;
			buildActionMask = 2147483647;
			files = (
			);
			runOnlyForDeploymentPostprocessing = 0;
		};
		D86458421ECC570000FA4D7D /* Frameworks */ = {
			isa = PBXFrameworksBuildPhase;
			buildActionMask = 2147483647;
			files = (
			);
			runOnlyForDeploymentPostprocessing = 0;
		};
/* End PBXFrameworksBuildPhase section */

/* Begin PBXGroup section */
		D8405AE31EDE6A86007E883A /* Frameworks */ = {
			isa = PBXGroup;
			children = (
				D8405B051EDE9D3B007E883A /* SystemConfiguration.framework */,
				D8405B031EDE9D2F007E883A /* CoreTelephony.framework */,
				D8405B011EDE9D20007E883A /* AVFoundation.framework */,
				D8405AFF1EDE9D0E007E883A /* libiconv.2.4.0.tbd */,
				D8405AF51EDE6B00007E883A /* libstdc++.6.0.9.tbd */,
				D8405AF31EDE6AF3007E883A /* libc++.tbd */,
				D8405AF11EDE6AE5007E883A /* libz.1.2.5.tbd */,
				D8405AE61EDE6A94007E883A /* AudioToolbox.framework */,
				D8405AE41EDE6A86007E883A /* UIKit.framework */,
			);
			name = Frameworks;
			sourceTree = "<group>";
		};
		D848BFAD1ECD2D6A0012AB3B /* Classes */ = {
			isa = PBXGroup;
			children = (
				D86349ED1ED56E8A00ED4DE7 /* CocoaHTTPServer */,
				D848BFC71ECD313C0012AB3B /* Main */,
				D848BFC21ECD2EDA0012AB3B /* Category */,
				D848BFC31ECD2EDA0012AB3B /* Tool */,
				D848BFAE1ECD2D6A0012AB3B /* Home */,
				D848BFB41ECD2D6A0012AB3B /* Read */,
			);
			path = Classes;
			sourceTree = "<group>";
		};
		D848BFAE1ECD2D6A0012AB3B /* Home */ = {
			isa = PBXGroup;
			children = (
				D848BFAF1ECD2D6A0012AB3B /* Controller */,
				D848BFB21ECD2D6A0012AB3B /* Model */,
				D848BFB31ECD2D6A0012AB3B /* View */,
			);
			path = Home;
			sourceTree = "<group>";
		};
		D848BFAF1ECD2D6A0012AB3B /* Controller */ = {
			isa = PBXGroup;
			children = (
				D848BFB01ECD2D6A0012AB3B /* ViewController.h */,
				D848BFB11ECD2D6A0012AB3B /* ViewController.m */,
			);
			path = Controller;
			sourceTree = "<group>";
		};
		D848BFB21ECD2D6A0012AB3B /* Model */ = {
			isa = PBXGroup;
			children = (
			);
			path = Model;
			sourceTree = "<group>";
		};
		D848BFB31ECD2D6A0012AB3B /* View */ = {
			isa = PBXGroup;
			children = (
			);
			path = View;
			sourceTree = "<group>";
		};
		D848BFB41ECD2D6A0012AB3B /* Read */ = {
			isa = PBXGroup;
			children = (
				D881EEFF1ECE8AE3008A888F /* Tool */,
				D848BFB51ECD2D6A0012AB3B /* Controller */,
				D848BFBA1ECD2D6A0012AB3B /* Model */,
				D848BFBB1ECD2D6A0012AB3B /* View */,
			);
			path = Read;
			sourceTree = "<group>";
		};
		D848BFB51ECD2D6A0012AB3B /* Controller */ = {
			isa = PBXGroup;
			children = (
				D848BFB61ECD2D6A0012AB3B /* ContentViewController.h */,
				D848BFB71ECD2D6A0012AB3B /* ContentViewController.m */,
				D848BFB81ECD2D6A0012AB3B /* ReadBookViewController.h */,
				D848BFB91ECD2D6A0012AB3B /* ReadBookViewController.m */,
				D848BFDA1ECD7E8A0012AB3B /* BRPageViewController.h */,
				D848BFDB1ECD7E8A0012AB3B /* BRPageViewController.m */,
				D86371071ED433FD009ED7BF /* BRSearchViewController.h */,
				D86371081ED433FD009ED7BF /* BRSearchViewController.m */,
			);
			path = Controller;
			sourceTree = "<group>";
		};
		D848BFBA1ECD2D6A0012AB3B /* Model */ = {
			isa = PBXGroup;
			children = (
				D848BFD41ECD3B0F0012AB3B /* BRBookModel.h */,
				D848BFD51ECD3B0F0012AB3B /* BRBookModel.m */,
				D848BFD71ECD3BD50012AB3B /* BRPageModel.h */,
				D848BFD81ECD3BD50012AB3B /* BRPageModel.m */,
				D86349DD1ED5295200ED4DE7 /* BRSearchModel.h */,
				D86349DE1ED5295200ED4DE7 /* BRSearchModel.m */,
			);
			path = Model;
			sourceTree = "<group>";
		};
		D848BFBB1ECD2D6A0012AB3B /* View */ = {
			isa = PBXGroup;
			children = (
				D848BFBC1ECD2D6A0012AB3B /* ContentView.h */,
				D848BFBD1ECD2D6A0012AB3B /* ContentView.m */,
				D848BFDD1ECD97DE0012AB3B /* ReadBookOperationView.h */,
				D848BFDE1ECD97DE0012AB3B /* ReadBookOperationView.m */,
				D848BFE01ECD98110012AB3B /* ReadBookOperationView.xib */,
				D881EF151ECEEAD5008A888F /* ReadBookOperationDefaultView.h */,
				D881EF161ECEEAD5008A888F /* ReadBookOperationDefaultView.m */,
				D881EF181ECEEAE1008A888F /* ReadBookOperationDefaultView.xib */,
				D881EF061ECEEA0B008A888F /* ReadBookOperationSettingView.h */,
				D881EF071ECEEA0B008A888F /* ReadBookOperationSettingView.m */,
				D881EF0F1ECEEA7E008A888F /* ReadBookOperationSettingView.xib */,
				D881EF091ECEEA2F008A888F /* ReadBookOperationLightView.h */,
				D881EF0A1ECEEA2F008A888F /* ReadBookOperationLightView.m */,
				D881EF111ECEEA85008A888F /* ReadBookOperationLightView.xib */,
				D881EF0C1ECEEA6E008A888F /* ReadBookOperationSoundView.h */,
				D881EF0D1ECEEA6E008A888F /* ReadBookOperationSoundView.m */,
				D881EF131ECEEA94008A888F /* ReadBookOperationSoundView.xib */,
				D86371181ED43E3D009ED7BF /* BRSearchMainView.h */,
				D86371191ED43E3D009ED7BF /* BRSearchMainView.m */,
				D86371211ED43F68009ED7BF /* BRSearchMainView.xib */,
				D86349E31ED52F7A00ED4DE7 /* BRSearchMainViewHeader.h */,
				D86349E41ED52F7A00ED4DE7 /* BRSearchMainViewHeader.m */,
				D86349E61ED52FFC00ED4DE7 /* BRSearchMainViewHeader.xib */,
				D86349E81ED5311600ED4DE7 /* BRSearchMainViewCell.h */,
				D86349E91ED5311600ED4DE7 /* BRSearchMainViewCell.m */,
				D86349EA1ED5311600ED4DE7 /* BRSearchMainViewCell.xib */,
			);
			path = View;
			sourceTree = "<group>";
		};
		D848BFC21ECD2EDA0012AB3B /* Category */ = {
			isa = PBXGroup;
			children = (
				D87DB2A21ED2858000C19E7A /* UIColor+Extension.h */,
				D87DB2A31ED2858000C19E7A /* UIColor+Extension.m */,
			);
			path = Category;
			sourceTree = "<group>";
		};
		D848BFC31ECD2EDA0012AB3B /* Tool */ = {
			isa = PBXGroup;
			children = (
				D848BFC41ECD2EE70012AB3B /* PrefixHeader.pch */,
				D848BFC51ECD2F280012AB3B /* HeaderFile.h */,
				D848BFC61ECD2F980012AB3B /* DefineFile.h */,
				D881EF001ECE9A85008A888F /* BRCommonTool.h */,
				D881EF011ECE9A85008A888F /* BRCommonTool.m */,
				D8634A511ED573CB00ED4DE7 /* BRIPHelper.h */,
				D8634A521ED573CB00ED4DE7 /* BRIPHelper.m */,
			);
			path = Tool;
			sourceTree = "<group>";
		};
		D848BFC71ECD313C0012AB3B /* Main */ = {
			isa = PBXGroup;
			children = (
				D848BFCE1ECD31A40012AB3B /* BRMainNavigationController.h */,
				D848BFCF1ECD31A40012AB3B /* BRMainNavigationController.m */,
				D848BFD11ECD32F50012AB3B /* BRMainTabBarController.h */,
				D848BFD21ECD32F50012AB3B /* BRMainTabBarController.m */,
			);
			path = Main;
			sourceTree = "<group>";
		};
		D86349ED1ED56E8A00ED4DE7 /* CocoaHTTPServer */ = {
			isa = PBXGroup;
			children = (
				D8634A601ED579F000ED4DE7 /* web */,
				D8634A2F1ED56F1000ED4DE7 /* Vendor */,
				D8634A271ED56EE200ED4DE7 /* MyHTTPConnection.h */,
				D8634A281ED56EE200ED4DE7 /* MyHTTPConnection.m */,
				D86349EE1ED56E8A00ED4DE7 /* Core */,
			);
			path = CocoaHTTPServer;
			sourceTree = "<group>";
		};
		D86349EE1ED56E8A00ED4DE7 /* Core */ = {
			isa = PBXGroup;
			children = (
				D86349EF1ED56E8A00ED4DE7 /* Categories */,
				D86349F61ED56E8A00ED4DE7 /* HTTPAuthenticationRequest.h */,
				D86349F71ED56E8A00ED4DE7 /* HTTPAuthenticationRequest.m */,
				D86349F81ED56E8A00ED4DE7 /* HTTPConnection.h */,
				D86349F91ED56E8A00ED4DE7 /* HTTPConnection.m */,
				D86349FA1ED56E8A00ED4DE7 /* HTTPLogging.h */,
				D86349FB1ED56E8A00ED4DE7 /* HTTPMessage.h */,
				D86349FC1ED56E8A00ED4DE7 /* HTTPMessage.m */,
				D86349FD1ED56E8A00ED4DE7 /* HTTPResponse.h */,
				D86349FE1ED56E8A00ED4DE7 /* HTTPServer.h */,
				D86349FF1ED56E8A00ED4DE7 /* HTTPServer.m */,
				D8634A001ED56E8A00ED4DE7 /* Mime */,
				D8634A071ED56E8A00ED4DE7 /* Responses */,
				D8634A141ED56E8A00ED4DE7 /* WebSocket.h */,
				D8634A151ED56E8A00ED4DE7 /* WebSocket.m */,
			);
			path = Core;
			sourceTree = "<group>";
		};
		D86349EF1ED56E8A00ED4DE7 /* Categories */ = {
			isa = PBXGroup;
			children = (
				D86349F01ED56E8A00ED4DE7 /* DDData.h */,
				D86349F11ED56E8A00ED4DE7 /* DDData.m */,
				D86349F21ED56E8A00ED4DE7 /* DDNumber.h */,
				D86349F31ED56E8A00ED4DE7 /* DDNumber.m */,
				D86349F41ED56E8A00ED4DE7 /* DDRange.h */,
				D86349F51ED56E8A00ED4DE7 /* DDRange.m */,
			);
			path = Categories;
			sourceTree = "<group>";
		};
		D8634A001ED56E8A00ED4DE7 /* Mime */ = {
			isa = PBXGroup;
			children = (
				D8634A011ED56E8A00ED4DE7 /* MultipartFormDataParser.h */,
				D8634A021ED56E8A00ED4DE7 /* MultipartFormDataParser.m */,
				D8634A031ED56E8A00ED4DE7 /* MultipartMessageHeader.h */,
				D8634A041ED56E8A00ED4DE7 /* MultipartMessageHeader.m */,
				D8634A051ED56E8A00ED4DE7 /* MultipartMessageHeaderField.h */,
				D8634A061ED56E8A00ED4DE7 /* MultipartMessageHeaderField.m */,
			);
			path = Mime;
			sourceTree = "<group>";
		};
		D8634A071ED56E8A00ED4DE7 /* Responses */ = {
			isa = PBXGroup;
			children = (
				D8634A081ED56E8A00ED4DE7 /* HTTPAsyncFileResponse.h */,
				D8634A091ED56E8A00ED4DE7 /* HTTPAsyncFileResponse.m */,
				D8634A0A1ED56E8A00ED4DE7 /* HTTPDataResponse.h */,
				D8634A0B1ED56E8A00ED4DE7 /* HTTPDataResponse.m */,
				D8634A0C1ED56E8A00ED4DE7 /* HTTPDynamicFileResponse.h */,
				D8634A0D1ED56E8A00ED4DE7 /* HTTPDynamicFileResponse.m */,
				D8634A0E1ED56E8A00ED4DE7 /* HTTPErrorResponse.h */,
				D8634A0F1ED56E8A00ED4DE7 /* HTTPErrorResponse.m */,
				D8634A101ED56E8A00ED4DE7 /* HTTPFileResponse.h */,
				D8634A111ED56E8A00ED4DE7 /* HTTPFileResponse.m */,
				D8634A121ED56E8A00ED4DE7 /* HTTPRedirectResponse.h */,
				D8634A131ED56E8A00ED4DE7 /* HTTPRedirectResponse.m */,
			);
			path = Responses;
			sourceTree = "<group>";
		};
		D8634A2F1ED56F1000ED4DE7 /* Vendor */ = {
			isa = PBXGroup;
			children = (
				D8634A301ED56F1000ED4DE7 /* CocoaAsyncSocket */,
				D8634A341ED56F1000ED4DE7 /* CocoaLumberjack */,
			);
			path = Vendor;
			sourceTree = "<group>";
		};
		D8634A301ED56F1000ED4DE7 /* CocoaAsyncSocket */ = {
			isa = PBXGroup;
			children = (
				D8634A311ED56F1000ED4DE7 /* About.txt */,
				D8634A321ED56F1000ED4DE7 /* GCDAsyncSocket.h */,
				D8634A331ED56F1000ED4DE7 /* GCDAsyncSocket.m */,
			);
			path = CocoaAsyncSocket;
			sourceTree = "<group>";
		};
		D8634A341ED56F1000ED4DE7 /* CocoaLumberjack */ = {
			isa = PBXGroup;
			children = (
				D8634A351ED56F1000ED4DE7 /* About.txt */,
				D8634A361ED56F1000ED4DE7 /* DDAbstractDatabaseLogger.h */,
				D8634A371ED56F1000ED4DE7 /* DDAbstractDatabaseLogger.m */,
				D8634A381ED56F1000ED4DE7 /* DDASLLogger.h */,
				D8634A391ED56F1000ED4DE7 /* DDASLLogger.m */,
				D8634A3A1ED56F1000ED4DE7 /* DDFileLogger.h */,
				D8634A3B1ED56F1000ED4DE7 /* DDFileLogger.m */,
				D8634A3C1ED56F1000ED4DE7 /* DDLog.h */,
				D8634A3D1ED56F1000ED4DE7 /* DDLog.m */,
				D8634A3E1ED56F1000ED4DE7 /* DDTTYLogger.h */,
				D8634A3F1ED56F1000ED4DE7 /* DDTTYLogger.m */,
				D8634A401ED56F1000ED4DE7 /* Extensions */,
			);
			path = CocoaLumberjack;
			sourceTree = "<group>";
		};
		D8634A401ED56F1000ED4DE7 /* Extensions */ = {
			isa = PBXGroup;
			children = (
				D8634A411ED56F1000ED4DE7 /* ContextFilterLogFormatter.h */,
				D8634A421ED56F1000ED4DE7 /* ContextFilterLogFormatter.m */,
				D8634A431ED56F1000ED4DE7 /* DispatchQueueLogFormatter.h */,
				D8634A441ED56F1000ED4DE7 /* DispatchQueueLogFormatter.m */,
				D8634A451ED56F1000ED4DE7 /* README.txt */,
			);
			path = Extensions;
			sourceTree = "<group>";
		};
		D86458181ECC570000FA4D7D = {
			isa = PBXGroup;
			children = (
				D86458231ECC570000FA4D7D /* BookReader */,
				D864583D1ECC570000FA4D7D /* BookReaderTests */,
				D86458481ECC570000FA4D7D /* BookReaderUITests */,
				D86458221ECC570000FA4D7D /* Products */,
				D8405AE31EDE6A86007E883A /* Frameworks */,
			);
			sourceTree = "<group>";
		};
		D86458221ECC570000FA4D7D /* Products */ = {
			isa = PBXGroup;
			children = (
				D86458211ECC570000FA4D7D /* BookReader.app */,
				D864583A1ECC570000FA4D7D /* BookReaderTests.xctest */,
				D86458451ECC570000FA4D7D /* BookReaderUITests.xctest */,
			);
			name = Products;
			sourceTree = "<group>";
		};
		D86458231ECC570000FA4D7D /* BookReader */ = {
			isa = PBXGroup;
			children = (
				D848BFAD1ECD2D6A0012AB3B /* Classes */,
				D86458271ECC570000FA4D7D /* AppDelegate.h */,
				D86458281ECC570000FA4D7D /* AppDelegate.m */,
				D86458301ECC570000FA4D7D /* Assets.xcassets */,
				D86458321ECC570000FA4D7D /* LaunchScreen.storyboard */,
				D86458351ECC570000FA4D7D /* Info.plist */,
				D86458241ECC570000FA4D7D /* Supporting Files */,
			);
			path = BookReader;
			sourceTree = "<group>";
		};
		D86458241ECC570000FA4D7D /* Supporting Files */ = {
			isa = PBXGroup;
			children = (
				D82585821EE93B5100F4D99E /* 花间提壶方大厨.txt */,
				D86458251ECC570000FA4D7D /* main.m */,
			);
			name = "Supporting Files";
			sourceTree = "<group>";
		};
		D864583D1ECC570000FA4D7D /* BookReaderTests */ = {
			isa = PBXGroup;
			children = (
				D864583E1ECC570000FA4D7D /* BookReaderTests.m */,
				D86458401ECC570000FA4D7D /* Info.plist */,
			);
			path = BookReaderTests;
			sourceTree = "<group>";
		};
		D86458481ECC570000FA4D7D /* BookReaderUITests */ = {
			isa = PBXGroup;
			children = (
				D86458491ECC570000FA4D7D /* BookReaderUITests.m */,
				D864584B1ECC570000FA4D7D /* Info.plist */,
			);
			path = BookReaderUITests;
			sourceTree = "<group>";
		};
		D881EEFF1ECE8AE3008A888F /* Tool */ = {
			isa = PBXGroup;
			children = (
				D86371041ED4213F009ED7BF /* BRReadBookTool.h */,
				D86371051ED4213F009ED7BF /* BRReadBookTool.m */,
			);
			path = Tool;
			sourceTree = "<group>";
		};
/* End PBXGroup section */

/* Begin PBXNativeTarget section */
		D86458201ECC570000FA4D7D /* BookReader */ = {
			isa = PBXNativeTarget;
			buildConfigurationList = D864584E1ECC570000FA4D7D /* Build configuration list for PBXNativeTarget "BookReader" */;
			buildPhases = (
				D864581D1ECC570000FA4D7D /* Sources */,
				D864581E1ECC570000FA4D7D /* Frameworks */,
				D864581F1ECC570000FA4D7D /* Resources */,
			);
			buildRules = (
			);
			dependencies = (
			);
			name = BookReader;
			productName = BookReader;
			productReference = D86458211ECC570000FA4D7D /* BookReader.app */;
			productType = "com.apple.product-type.application";
		};
		D86458391ECC570000FA4D7D /* BookReaderTests */ = {
			isa = PBXNativeTarget;
			buildConfigurationList = D86458511ECC570000FA4D7D /* Build configuration list for PBXNativeTarget "BookReaderTests" */;
			buildPhases = (
				D86458361ECC570000FA4D7D /* Sources */,
				D86458371ECC570000FA4D7D /* Frameworks */,
				D86458381ECC570000FA4D7D /* Resources */,
			);
			buildRules = (
			);
			dependencies = (
				D864583C1ECC570000FA4D7D /* PBXTargetDependency */,
			);
			name = BookReaderTests;
			productName = BookReaderTests;
			productReference = D864583A1ECC570000FA4D7D /* BookReaderTests.xctest */;
			productType = "com.apple.product-type.bundle.unit-test";
		};
		D86458441ECC570000FA4D7D /* BookReaderUITests */ = {
			isa = PBXNativeTarget;
			buildConfigurationList = D86458541ECC570000FA4D7D /* Build configuration list for PBXNativeTarget "BookReaderUITests" */;
			buildPhases = (
				D86458411ECC570000FA4D7D /* Sources */,
				D86458421ECC570000FA4D7D /* Frameworks */,
				D86458431ECC570000FA4D7D /* Resources */,
			);
			buildRules = (
			);
			dependencies = (
				D86458471ECC570000FA4D7D /* PBXTargetDependency */,
			);
			name = BookReaderUITests;
			productName = BookReaderUITests;
			productReference = D86458451ECC570000FA4D7D /* BookReaderUITests.xctest */;
			productType = "com.apple.product-type.bundle.ui-testing";
		};
/* End PBXNativeTarget section */

/* Begin PBXProject section */
		D86458191ECC570000FA4D7D /* Project object */ = {
			isa = PBXProject;
			attributes = {
				CLASSPREFIX = BR;
				LastUpgradeCheck = 0810;
				ORGANIZATIONNAME = joe;
				TargetAttributes = {
					D86458201ECC570000FA4D7D = {
						CreatedOnToolsVersion = 8.1;
						DevelopmentTeam = GA2HZ4U725;
						ProvisioningStyle = Automatic;
					};
					D86458391ECC570000FA4D7D = {
						CreatedOnToolsVersion = 8.1;
						ProvisioningStyle = Automatic;
						TestTargetID = D86458201ECC570000FA4D7D;
					};
					D86458441ECC570000FA4D7D = {
						CreatedOnToolsVersion = 8.1;
						ProvisioningStyle = Automatic;
						TestTargetID = D86458201ECC570000FA4D7D;
					};
				};
			};
			buildConfigurationList = D864581C1ECC570000FA4D7D /* Build configuration list for PBXProject "BookReader" */;
			compatibilityVersion = "Xcode 3.2";
			developmentRegion = English;
			hasScannedForEncodings = 0;
			knownRegions = (
				en,
				Base,
			);
			mainGroup = D86458181ECC570000FA4D7D;
			productRefGroup = D86458221ECC570000FA4D7D /* Products */;
			projectDirPath = "";
			projectRoot = "";
			targets = (
				D86458201ECC570000FA4D7D /* BookReader */,
				D86458391ECC570000FA4D7D /* BookReaderTests */,
				D86458441ECC570000FA4D7D /* BookReaderUITests */,
			);
		};
/* End PBXProject section */

/* Begin PBXResourcesBuildPhase section */
		D864581F1ECC570000FA4D7D /* Resources */ = {
			isa = PBXResourcesBuildPhase;
			buildActionMask = 2147483647;
			files = (
				D86371221ED43F68009ED7BF /* BRSearchMainView.xib in Resources */,
				D881EF101ECEEA7E008A888F /* ReadBookOperationSettingView.xib in Resources */,
				D82585831EE93B5100F4D99E /* 花间提壶方大厨.txt in Resources */,
				D8634A501ED56F1000ED4DE7 /* README.txt in Resources */,
				D8634A611ED579F000ED4DE7 /* web in Resources */,
				D881EF191ECEEAE1008A888F /* ReadBookOperationDefaultView.xib in Resources */,
				D881EF141ECEEA94008A888F /* ReadBookOperationSoundView.xib in Resources */,
				D8634A481ED56F1000ED4DE7 /* About.txt in Resources */,
				D86349EC1ED5311600ED4DE7 /* BRSearchMainViewCell.xib in Resources */,
				D881EF121ECEEA85008A888F /* ReadBookOperationLightView.xib in Resources */,
				D848BFE11ECD98110012AB3B /* ReadBookOperationView.xib in Resources */,
				D86458341ECC570000FA4D7D /* LaunchScreen.storyboard in Resources */,
				D86349E71ED52FFC00ED4DE7 /* BRSearchMainViewHeader.xib in Resources */,
				D8634A461ED56F1000ED4DE7 /* About.txt in Resources */,
				D86458311ECC570000FA4D7D /* Assets.xcassets in Resources */,
			);
			runOnlyForDeploymentPostprocessing = 0;
		};
		D86458381ECC570000FA4D7D /* Resources */ = {
			isa = PBXResourcesBuildPhase;
			buildActionMask = 2147483647;
			files = (
			);
			runOnlyForDeploymentPostprocessing = 0;
		};
		D86458431ECC570000FA4D7D /* Resources */ = {
			isa = PBXResourcesBuildPhase;
			buildActionMask = 2147483647;
			files = (
			);
			runOnlyForDeploymentPostprocessing = 0;
		};
/* End PBXResourcesBuildPhase section */

/* Begin PBXSourcesBuildPhase section */
		D864581D1ECC570000FA4D7D /* Sources */ = {
			isa = PBXSourcesBuildPhase;
			buildActionMask = 2147483647;
			files = (
				D881EF081ECEEA0B008A888F /* ReadBookOperationSettingView.m in Sources */,
				D848BFC01ECD2D6A0012AB3B /* ReadBookViewController.m in Sources */,
				D8634A211ED56E8A00ED4DE7 /* HTTPDataResponse.m in Sources */,
				D848BFBF1ECD2D6A0012AB3B /* ContentViewController.m in Sources */,
				D8634A191ED56E8A00ED4DE7 /* HTTPAuthenticationRequest.m in Sources */,
				D8634A4F1ED56F1000ED4DE7 /* DispatchQueueLogFormatter.m in Sources */,
				D8634A181ED56E8A00ED4DE7 /* DDRange.m in Sources */,
				D8634A161ED56E8A00ED4DE7 /* DDData.m in Sources */,
				D881EF0E1ECEEA6E008A888F /* ReadBookOperationSoundView.m in Sources */,
				D8634A4E1ED56F1000ED4DE7 /* ContextFilterLogFormatter.m in Sources */,
				D8634A1B1ED56E8A00ED4DE7 /* HTTPMessage.m in Sources */,
				D86371091ED433FD009ED7BF /* BRSearchViewController.m in Sources */,
				D8634A1E1ED56E8A00ED4DE7 /* MultipartMessageHeader.m in Sources */,
				D8634A471ED56F1000ED4DE7 /* GCDAsyncSocket.m in Sources */,
				D8634A201ED56E8A00ED4DE7 /* HTTPAsyncFileResponse.m in Sources */,
				D8634A4C1ED56F1000ED4DE7 /* DDLog.m in Sources */,
				D86349E51ED52F7A00ED4DE7 /* BRSearchMainViewHeader.m in Sources */,
				D8634A4A1ED56F1000ED4DE7 /* DDASLLogger.m in Sources */,
				D8634A491ED56F1000ED4DE7 /* DDAbstractDatabaseLogger.m in Sources */,
				D8634A231ED56E8A00ED4DE7 /* HTTPErrorResponse.m in Sources */,
				D848BFD61ECD3B0F0012AB3B /* BRBookModel.m in Sources */,
				D8634A2C1ED56EE200ED4DE7 /* MyHTTPConnection.m in Sources */,
				D8634A1A1ED56E8A00ED4DE7 /* HTTPConnection.m in Sources */,
				D848BFC11ECD2D6A0012AB3B /* ContentView.m in Sources */,
				D881EF0B1ECEEA2F008A888F /* ReadBookOperationLightView.m in Sources */,
				D8634A251ED56E8A00ED4DE7 /* HTTPRedirectResponse.m in Sources */,
				D86371061ED4213F009ED7BF /* BRReadBookTool.m in Sources */,
				D8634A241ED56E8A00ED4DE7 /* HTTPFileResponse.m in Sources */,
				D8634A4B1ED56F1000ED4DE7 /* DDFileLogger.m in Sources */,
				D848BFD91ECD3BD50012AB3B /* BRPageModel.m in Sources */,
				D848BFBE1ECD2D6A0012AB3B /* ViewController.m in Sources */,
				D8634A1D1ED56E8A00ED4DE7 /* MultipartFormDataParser.m in Sources */,
				D848BFDC1ECD7E8A0012AB3B /* BRPageViewController.m in Sources */,
				D848BFD31ECD32F50012AB3B /* BRMainTabBarController.m in Sources */,
				D86349DF1ED5295200ED4DE7 /* BRSearchModel.m in Sources */,
				D8634A4D1ED56F1000ED4DE7 /* DDTTYLogger.m in Sources */,
				D8634A221ED56E8A00ED4DE7 /* HTTPDynamicFileResponse.m in Sources */,
				D863711A1ED43E3D009ED7BF /* BRSearchMainView.m in Sources */,
				D848BFD01ECD31A40012AB3B /* BRMainNavigationController.m in Sources */,
				D8634A1C1ED56E8A00ED4DE7 /* HTTPServer.m in Sources */,
				D848BFDF1ECD97DE0012AB3B /* ReadBookOperationView.m in Sources */,
				D87DB2A41ED2858000C19E7A /* UIColor+Extension.m in Sources */,
				D86349EB1ED5311600ED4DE7 /* BRSearchMainViewCell.m in Sources */,
				D881EF021ECE9A85008A888F /* BRCommonTool.m in Sources */,
				D8634A171ED56E8A00ED4DE7 /* DDNumber.m in Sources */,
				D8634A1F1ED56E8A00ED4DE7 /* MultipartMessageHeaderField.m in Sources */,
				D8634A261ED56E8A00ED4DE7 /* WebSocket.m in Sources */,
				D8634A531ED573CB00ED4DE7 /* BRIPHelper.m in Sources */,
				D86458291ECC570000FA4D7D /* AppDelegate.m in Sources */,
				D86458261ECC570000FA4D7D /* main.m in Sources */,
				D881EF171ECEEAD5008A888F /* ReadBookOperationDefaultView.m in Sources */,
			);
			runOnlyForDeploymentPostprocessing = 0;
		};
		D86458361ECC570000FA4D7D /* Sources */ = {
			isa = PBXSourcesBuildPhase;
			buildActionMask = 2147483647;
			files = (
				D864583F1ECC570000FA4D7D /* BookReaderTests.m in Sources */,
			);
			runOnlyForDeploymentPostprocessing = 0;
		};
		D86458411ECC570000FA4D7D /* Sources */ = {
			isa = PBXSourcesBuildPhase;
			buildActionMask = 2147483647;
			files = (
				D864584A1ECC570000FA4D7D /* BookReaderUITests.m in Sources */,
			);
			runOnlyForDeploymentPostprocessing = 0;
		};
/* End PBXSourcesBuildPhase section */

/* Begin PBXTargetDependency section */
		D864583C1ECC570000FA4D7D /* PBXTargetDependency */ = {
			isa = PBXTargetDependency;
			target = D86458201ECC570000FA4D7D /* BookReader */;
			targetProxy = D864583B1ECC570000FA4D7D /* PBXContainerItemProxy */;
		};
		D86458471ECC570000FA4D7D /* PBXTargetDependency */ = {
			isa = PBXTargetDependency;
			target = D86458201ECC570000FA4D7D /* BookReader */;
			targetProxy = D86458461ECC570000FA4D7D /* PBXContainerItemProxy */;
		};
/* End PBXTargetDependency section */

/* Begin PBXVariantGroup section */
		D86458321ECC570000FA4D7D /* LaunchScreen.storyboard */ = {
			isa = PBXVariantGroup;
			children = (
				D86458331ECC570000FA4D7D /* Base */,
			);
			name = LaunchScreen.storyboard;
			sourceTree = "<group>";
		};
/* End PBXVariantGroup section */

/* Begin XCBuildConfiguration section */
		D864584C1ECC570000FA4D7D /* Debug */ = {
			isa = XCBuildConfiguration;
			buildSettings = {
				ALWAYS_SEARCH_USER_PATHS = NO;
				CLANG_ANALYZER_NONNULL = YES;
				CLANG_CXX_LANGUAGE_STANDARD = "gnu++0x";
				CLANG_CXX_LIBRARY = "libc++";
				CLANG_ENABLE_MODULES = YES;
				CLANG_ENABLE_OBJC_ARC = YES;
				CLANG_WARN_BOOL_CONVERSION = YES;
				CLANG_WARN_CONSTANT_CONVERSION = YES;
				CLANG_WARN_DIRECT_OBJC_ISA_USAGE = YES_ERROR;
				CLANG_WARN_DOCUMENTATION_COMMENTS = YES;
				CLANG_WARN_EMPTY_BODY = YES;
				CLANG_WARN_ENUM_CONVERSION = YES;
				CLANG_WARN_INFINITE_RECURSION = YES;
				CLANG_WARN_INT_CONVERSION = YES;
				CLANG_WARN_OBJC_ROOT_CLASS = YES_ERROR;
				CLANG_WARN_SUSPICIOUS_MOVES = YES;
				CLANG_WARN_UNREACHABLE_CODE = YES;
				CLANG_WARN__DUPLICATE_METHOD_MATCH = YES;
				"CODE_SIGN_IDENTITY[sdk=iphoneos*]" = "iPhone Developer";
				COPY_PHASE_STRIP = NO;
				DEBUG_INFORMATION_FORMAT = dwarf;
				ENABLE_STRICT_OBJC_MSGSEND = YES;
				ENABLE_TESTABILITY = YES;
				GCC_C_LANGUAGE_STANDARD = gnu99;
				GCC_DYNAMIC_NO_PIC = NO;
				GCC_NO_COMMON_BLOCKS = YES;
				GCC_OPTIMIZATION_LEVEL = 0;
				GCC_PREPROCESSOR_DEFINITIONS = (
					"DEBUG=1",
					"$(inherited)",
				);
				GCC_WARN_64_TO_32_BIT_CONVERSION = YES;
				GCC_WARN_ABOUT_RETURN_TYPE = YES_ERROR;
				GCC_WARN_UNDECLARED_SELECTOR = YES;
				GCC_WARN_UNINITIALIZED_AUTOS = YES_AGGRESSIVE;
				GCC_WARN_UNUSED_FUNCTION = YES;
				GCC_WARN_UNUSED_VARIABLE = YES;
				IPHONEOS_DEPLOYMENT_TARGET = 10.1;
				MTL_ENABLE_DEBUG_INFO = YES;
				ONLY_ACTIVE_ARCH = YES;
				SDKROOT = iphoneos;
			};
			name = Debug;
		};
		D864584D1ECC570000FA4D7D /* Release */ = {
			isa = XCBuildConfiguration;
			buildSettings = {
				ALWAYS_SEARCH_USER_PATHS = NO;
				CLANG_ANALYZER_NONNULL = YES;
				CLANG_CXX_LANGUAGE_STANDARD = "gnu++0x";
				CLANG_CXX_LIBRARY = "libc++";
				CLANG_ENABLE_MODULES = YES;
				CLANG_ENABLE_OBJC_ARC = YES;
				CLANG_WARN_BOOL_CONVERSION = YES;
				CLANG_WARN_CONSTANT_CONVERSION = YES;
				CLANG_WARN_DIRECT_OBJC_ISA_USAGE = YES_ERROR;
				CLANG_WARN_DOCUMENTATION_COMMENTS = YES;
				CLANG_WARN_EMPTY_BODY = YES;
				CLANG_WARN_ENUM_CONVERSION = YES;
				CLANG_WARN_INFINITE_RECURSION = YES;
				CLANG_WARN_INT_CONVERSION = YES;
				CLANG_WARN_OBJC_ROOT_CLASS = YES_ERROR;
				CLANG_WARN_SUSPICIOUS_MOVES = YES;
				CLANG_WARN_UNREACHABLE_CODE = YES;
				CLANG_WARN__DUPLICATE_METHOD_MATCH = YES;
				"CODE_SIGN_IDENTITY[sdk=iphoneos*]" = "iPhone Developer";
				COPY_PHASE_STRIP = NO;
				DEBUG_INFORMATION_FORMAT = "dwarf-with-dsym";
				ENABLE_NS_ASSERTIONS = NO;
				ENABLE_STRICT_OBJC_MSGSEND = YES;
				GCC_C_LANGUAGE_STANDARD = gnu99;
				GCC_NO_COMMON_BLOCKS = YES;
				GCC_WARN_64_TO_32_BIT_CONVERSION = YES;
				GCC_WARN_ABOUT_RETURN_TYPE = YES_ERROR;
				GCC_WARN_UNDECLARED_SELECTOR = YES;
				GCC_WARN_UNINITIALIZED_AUTOS = YES_AGGRESSIVE;
				GCC_WARN_UNUSED_FUNCTION = YES;
				GCC_WARN_UNUSED_VARIABLE = YES;
				IPHONEOS_DEPLOYMENT_TARGET = 10.1;
				MTL_ENABLE_DEBUG_INFO = NO;
				SDKROOT = iphoneos;
				VALIDATE_PRODUCT = YES;
			};
			name = Release;
		};
		D864584F1ECC570000FA4D7D /* Debug */ = {
			isa = XCBuildConfiguration;
			buildSettings = {
				ASSETCATALOG_COMPILER_APPICON_NAME = AppIcon;
				DEVELOPMENT_TEAM = GA2HZ4U725;
				GCC_PRECOMPILE_PREFIX_HEADER = YES;
				GCC_PREFIX_HEADER = /Users/joe/Documents/CodeLib/BookReader/BookReader/BookReader/Classes/Tool/PrefixHeader.pch;
				INFOPLIST_FILE = BookReader/Info.plist;
				LD_RUNPATH_SEARCH_PATHS = "$(inherited) @executable_path/Frameworks";
				LIBRARY_SEARCH_PATHS = (
					"$(inherited)",
					"$(PROJECT_DIR)/BookReader/Classes/BDSSpeechSynthesizer_SDK",
				);
				PRODUCT_BUNDLE_IDENTIFIER = Joe.BookReader;
				PRODUCT_NAME = "$(TARGET_NAME)";
			};
			name = Debug;
		};
		D86458501ECC570000FA4D7D /* Release */ = {
			isa = XCBuildConfiguration;
			buildSettings = {
				ASSETCATALOG_COMPILER_APPICON_NAME = AppIcon;
				DEVELOPMENT_TEAM = GA2HZ4U725;
				GCC_PRECOMPILE_PREFIX_HEADER = YES;
				GCC_PREFIX_HEADER = /Users/joe/Documents/CodeLib/BookReader/BookReader/BookReader/Classes/Tool/PrefixHeader.pch;
				INFOPLIST_FILE = BookReader/Info.plist;
				LD_RUNPATH_SEARCH_PATHS = "$(inherited) @executable_path/Frameworks";
				LIBRARY_SEARCH_PATHS = (
					"$(inherited)",
					"$(PROJECT_DIR)/BookReader/Classes/BDSSpeechSynthesizer_SDK",
				);
				PRODUCT_BUNDLE_IDENTIFIER = Joe.BookReader;
				PRODUCT_NAME = "$(TARGET_NAME)";
			};
			name = Release;
		};
		D86458521ECC570000FA4D7D /* Debug */ = {
			isa = XCBuildConfiguration;
			buildSettings = {
				BUNDLE_LOADER = "$(TEST_HOST)";
				INFOPLIST_FILE = BookReaderTests/Info.plist;
				LD_RUNPATH_SEARCH_PATHS = "$(inherited) @executable_path/Frameworks @loader_path/Frameworks";
				PRODUCT_BUNDLE_IDENTIFIER = Joe.BookReaderTests;
				PRODUCT_NAME = "$(TARGET_NAME)";
				TEST_HOST = "$(BUILT_PRODUCTS_DIR)/BookReader.app/BookReader";
			};
			name = Debug;
		};
		D86458531ECC570000FA4D7D /* Release */ = {
			isa = XCBuildConfiguration;
			buildSettings = {
				BUNDLE_LOADER = "$(TEST_HOST)";
				INFOPLIST_FILE = BookReaderTests/Info.plist;
				LD_RUNPATH_SEARCH_PATHS = "$(inherited) @executable_path/Frameworks @loader_path/Frameworks";
				PRODUCT_BUNDLE_IDENTIFIER = Joe.BookReaderTests;
				PRODUCT_NAME = "$(TARGET_NAME)";
				TEST_HOST = "$(BUILT_PRODUCTS_DIR)/BookReader.app/BookReader";
			};
			name = Release;
		};
		D86458551ECC570000FA4D7D /* Debug */ = {
			isa = XCBuildConfiguration;
			buildSettings = {
				INFOPLIST_FILE = BookReaderUITests/Info.plist;
				LD_RUNPATH_SEARCH_PATHS = "$(inherited) @executable_path/Frameworks @loader_path/Frameworks";
				PRODUCT_BUNDLE_IDENTIFIER = Joe.BookReaderUITests;
				PRODUCT_NAME = "$(TARGET_NAME)";
				TEST_TARGET_NAME = BookReader;
			};
			name = Debug;
		};
		D86458561ECC570000FA4D7D /* Release */ = {
			isa = XCBuildConfiguration;
			buildSettings = {
				INFOPLIST_FILE = BookReaderUITests/Info.plist;
				LD_RUNPATH_SEARCH_PATHS = "$(inherited) @executable_path/Frameworks @loader_path/Frameworks";
				PRODUCT_BUNDLE_IDENTIFIER = Joe.BookReaderUITests;
				PRODUCT_NAME = "$(TARGET_NAME)";
				TEST_TARGET_NAME = BookReader;
			};
			name = Release;
		};
/* End XCBuildConfiguration section */

/* Begin XCConfigurationList section */
		D864581C1ECC570000FA4D7D /* Build configuration list for PBXProject "BookReader" */ = {
			isa = XCConfigurationList;
			buildConfigurations = (
				D864584C1ECC570000FA4D7D /* Debug */,
				D864584D1ECC570000FA4D7D /* Release */,
			);
			defaultConfigurationIsVisible = 0;
			defaultConfigurationName = Release;
		};
		D864584E1ECC570000FA4D7D /* Build configuration list for PBXNativeTarget "BookReader" */ = {
			isa = XCConfigurationList;
			buildConfigurations = (
				D864584F1ECC570000FA4D7D /* Debug */,
				D86458501ECC570000FA4D7D /* Release */,
			);
			defaultConfigurationIsVisible = 0;
			defaultConfigurationName = Release;
		};
		D86458511ECC570000FA4D7D /* Build configuration list for PBXNativeTarget "BookReaderTests" */ = {
			isa = XCConfigurationList;
			buildConfigurations = (
				D86458521ECC570000FA4D7D /* Debug */,
				D86458531ECC570000FA4D7D /* Release */,
			);
			defaultConfigurationIsVisible = 0;
			defaultConfigurationName = Release;
		};
		D86458541ECC570000FA4D7D /* Build configuration list for PBXNativeTarget "BookReaderUITests" */ = {
			isa = XCConfigurationList;
			buildConfigurations = (
				D86458551ECC570000FA4D7D /* Debug */,
				D86458561ECC570000FA4D7D /* Release */,
			);
			defaultConfigurationIsVisible = 0;
			defaultConfigurationName = Release;
		};
/* End XCConfigurationList section */
	};
	rootObject = D86458191ECC570000FA4D7D /* Project object */;
}
